
Microsoft Visual Studio Solution File, Format Version 12.00
# Visual Studio Version 16
VisualStudioVersion = 16.0.29519.181
MinimumVisualStudioVersion = 10.0.40219.1
Project("{FAE04EC0-301F-11D3-BF4B-00C04F79EFBC}") = "FilmParser_tz", "FilmParser_tz.csproj", "{B230E603-7291-4CFC-910B-700F47609583}"
EndProject
Global
	GlobalSection(SolutionConfigurationPlatforms) = preSolution
		Debug|Any CPU = Debug|Any CPU
		Release|Any CPU = Release|Any CPU
	EndGlobalSection
	GlobalSection(ProjectConfigurationPlatforms) = postSolution
		{B230E603-7291-4CFC-910B-700F47609583}.Debug|Any CPU.ActiveCfg = Debug|Any CPU
		{B230E603-7291-4CFC-910B-700F47609583}.Debug|Any CPU.Build.0 = Debug|Any CPU
		{B230E603-7291-4CFC-910B-700F47609583}.Release|Any CPU.ActiveCfg = Release|Any CPU
		{B230E603-7291-4CFC-910B-700F47609583}.Release|Any CPU.Build.0 = Release|Any CPU
	EndGlobalSection
	GlobalSection(SolutionProperties) = preSolution
		HideSolutionNode = FALSE
	EndGlobalSection
	GlobalSection(ExtensibilityGlobals) = postSolution
		SolutionGuid = {E3F0DF7E-7D2C-4785-B996-2252647F5BAF}
	EndGlobalSection
EndGlobal
